
Microsoft Visual Studio Solution File, Format Version 12.00
# Visual Studio Version 17
VisualStudioVersion = 17.9.34607.119
MinimumVisualStudioVersion = 10.0.40219.1
Project("{FAE04EC0-301F-11D3-BF4B-00C04F79EFBC}") = "vueapp.Server", "vueapp.Server\vueapp.Server.csproj", "{56E86383-9C77-429A-9968-EFC98D731EF0}"
EndProject
Project("{54A90642-561A-4BB1-A94E-469ADEE60C69}") = "vueapp.client", "vueapp.client\vueapp.client.esproj", "{2D14928E-B858-4515-BCAC-981526BDE47D}"
EndProject
Global
	GlobalSection(SolutionConfigurationPlatforms) = preSolution
		Debug|Any CPU = Debug|Any CPU
		Release|Any CPU = Release|Any CPU
	EndGlobalSection
	GlobalSection(ProjectConfigurationPlatforms) = postSolution
		{56E86383-9C77-429A-9968-EFC98D731EF0}.Debug|Any CPU.ActiveCfg = Debug|Any CPU
		{56E86383-9C77-429A-9968-EFC98D731EF0}.Debug|Any CPU.Build.0 = Debug|Any CPU
		{56E86383-9C77-429A-9968-EFC98D731EF0}.Release|Any CPU.ActiveCfg = Release|Any CPU
		{56E86383-9C77-429A-9968-EFC98D731EF0}.Release|Any CPU.Build.0 = Release|Any CPU
		{2D14928E-B858-4515-BCAC-981526BDE47D}.Debug|Any CPU.ActiveCfg = Debug|Any CPU
		{2D14928E-B858-4515-BCAC-981526BDE47D}.Debug|Any CPU.Build.0 = Debug|Any CPU
		{2D14928E-B858-4515-BCAC-981526BDE47D}.Debug|Any CPU.Deploy.0 = Debug|Any CPU
		{2D14928E-B858-4515-BCAC-981526BDE47D}.Release|Any CPU.ActiveCfg = Release|Any CPU
		{2D14928E-B858-4515-BCAC-981526BDE47D}.Release|Any CPU.Build.0 = Release|Any CPU
		{2D14928E-B858-4515-BCAC-981526BDE47D}.Release|Any CPU.Deploy.0 = Release|Any CPU
	EndGlobalSection
	GlobalSection(SolutionProperties) = preSolution
		HideSolutionNode = FALSE
	EndGlobalSection
	GlobalSection(ExtensibilityGlobals) = postSolution
		SolutionGuid = {8EC5A47B-7400-48E2-A5DA-FC2E1687340C}
	EndGlobalSection
EndGlobal
