
Microsoft Visual Studio Solution File, Format Version 12.00
# Visual Studio Version 17
VisualStudioVersion = 17.9.34607.119
MinimumVisualStudioVersion = 10.0.40219.1
Project("{FAE04EC0-301F-11D3-BF4B-00C04F79EFBC}") = "Anny-Dotnet8-Vue3-Template-Example.Server", "Anny-Dotnet8-Vue3-Template-Example.Server\Anny-Dotnet8-Vue3-Template-Example.Server.csproj", "{48F05918-54ED-4690-BB54-543B647D8F5B}"
EndProject
Project("{54A90642-561A-4BB1-A94E-469ADEE60C69}") = "anny-dotnet8-vue3-template-example.client", "anny-dotnet8-vue3-template-example.client\anny-dotnet8-vue3-template-example.client.esproj", "{8C88C424-3E2A-41F0-A510-49C51560BFF6}"
EndProject
Global
	GlobalSection(SolutionConfigurationPlatforms) = preSolution
		Debug|Any CPU = Debug|Any CPU
		Release|Any CPU = Release|Any CPU
	EndGlobalSection
	GlobalSection(ProjectConfigurationPlatforms) = postSolution
		{48F05918-54ED-4690-BB54-543B647D8F5B}.Debug|Any CPU.ActiveCfg = Debug|Any CPU
		{48F05918-54ED-4690-BB54-543B647D8F5B}.Debug|Any CPU.Build.0 = Debug|Any CPU
		{48F05918-54ED-4690-BB54-543B647D8F5B}.Release|Any CPU.ActiveCfg = Release|Any CPU
		{48F05918-54ED-4690-BB54-543B647D8F5B}.Release|Any CPU.Build.0 = Release|Any CPU
		{8C88C424-3E2A-41F0-A510-49C51560BFF6}.Debug|Any CPU.ActiveCfg = Debug|Any CPU
		{8C88C424-3E2A-41F0-A510-49C51560BFF6}.Debug|Any CPU.Build.0 = Debug|Any CPU
		{8C88C424-3E2A-41F0-A510-49C51560BFF6}.Debug|Any CPU.Deploy.0 = Debug|Any CPU
		{8C88C424-3E2A-41F0-A510-49C51560BFF6}.Release|Any CPU.ActiveCfg = Release|Any CPU
		{8C88C424-3E2A-41F0-A510-49C51560BFF6}.Release|Any CPU.Build.0 = Release|Any CPU
		{8C88C424-3E2A-41F0-A510-49C51560BFF6}.Release|Any CPU.Deploy.0 = Release|Any CPU
	EndGlobalSection
	GlobalSection(SolutionProperties) = preSolution
		HideSolutionNode = FALSE
	EndGlobalSection
	GlobalSection(ExtensibilityGlobals) = postSolution
		SolutionGuid = {A9DFA337-843E-4DF8-B91A-832BE478B63B}
	EndGlobalSection
EndGlobal
